
Microsoft Visual Studio Solution File, Format Version 12.00
# Visual Studio Version 17
VisualStudioVersion = 17.4.33213.308
MinimumVisualStudioVersion = 10.0.40219.1
Project("{FAE04EC0-301F-11D3-BF4B-00C04F79EFBC}") = "UnitessTestApp.Api", "UnitessTestApp.Api.csproj", "{1A166CE3-12DC-44DE-9EB0-5B60EAFE9751}"
EndProject
Global
	GlobalSection(SolutionConfigurationPlatforms) = preSolution
		Debug|Any CPU = Debug|Any CPU
		Release|Any CPU = Release|Any CPU
	EndGlobalSection
	GlobalSection(ProjectConfigurationPlatforms) = postSolution
		{1A166CE3-12DC-44DE-9EB0-5B60EAFE9751}.Debug|Any CPU.ActiveCfg = Debug|Any CPU
		{1A166CE3-12DC-44DE-9EB0-5B60EAFE9751}.Debug|Any CPU.Build.0 = Debug|Any CPU
		{1A166CE3-12DC-44DE-9EB0-5B60EAFE9751}.Release|Any CPU.ActiveCfg = Release|Any CPU
		{1A166CE3-12DC-44DE-9EB0-5B60EAFE9751}.Release|Any CPU.Build.0 = Release|Any CPU
	EndGlobalSection
	GlobalSection(SolutionProperties) = preSolution
		HideSolutionNode = FALSE
	EndGlobalSection
	GlobalSection(ExtensibilityGlobals) = postSolution
		SolutionGuid = {AEABC392-62BE-4286-85F0-BB0443AB9F18}
	EndGlobalSection
EndGlobal
